
Microsoft Visual Studio Solution File, Format Version 12.00
# Visual Studio Version 17
VisualStudioVersion = 17.3.32611.2
MinimumVisualStudioVersion = 10.0.40219.1
Project("{54A90642-561A-4BB1-A94E-469ADEE60C69}") = "Panel", "Panel\Panel.esproj", "{57BAA086-4F13-46C4-98B4-A3CF478CB909}"
EndProject
Project("{9A19103F-16F7-4668-BE54-9A1E7A4F7556}") = "Api", "Api\Api.csproj", "{B34CDBC1-C0B6-42E4-A4E6-65495EB18449}"
EndProject
Project("{9A19103F-16F7-4668-BE54-9A1E7A4F7556}") = "ApiTests", "ApiTests\ApiTests.csproj", "{0582F791-004E-4D78-B5AE-3778D24E9408}"
EndProject
Global
	GlobalSection(SolutionConfigurationPlatforms) = preSolution
		Debug|Any CPU = Debug|Any CPU
		Release|Any CPU = Release|Any CPU
	EndGlobalSection
	GlobalSection(ProjectConfigurationPlatforms) = postSolution
		{57BAA086-4F13-46C4-98B4-A3CF478CB909}.Debug|Any CPU.ActiveCfg = Debug|Any CPU
		{57BAA086-4F13-46C4-98B4-A3CF478CB909}.Debug|Any CPU.Build.0 = Debug|Any CPU
		{57BAA086-4F13-46C4-98B4-A3CF478CB909}.Debug|Any CPU.Deploy.0 = Debug|Any CPU
		{57BAA086-4F13-46C4-98B4-A3CF478CB909}.Release|Any CPU.ActiveCfg = Release|Any CPU
		{57BAA086-4F13-46C4-98B4-A3CF478CB909}.Release|Any CPU.Build.0 = Release|Any CPU
		{57BAA086-4F13-46C4-98B4-A3CF478CB909}.Release|Any CPU.Deploy.0 = Release|Any CPU
		{B34CDBC1-C0B6-42E4-A4E6-65495EB18449}.Debug|Any CPU.ActiveCfg = Debug|Any CPU
		{B34CDBC1-C0B6-42E4-A4E6-65495EB18449}.Debug|Any CPU.Build.0 = Debug|Any CPU
		{B34CDBC1-C0B6-42E4-A4E6-65495EB18449}.Release|Any CPU.ActiveCfg = Release|Any CPU
		{B34CDBC1-C0B6-42E4-A4E6-65495EB18449}.Release|Any CPU.Build.0 = Release|Any CPU
		{0582F791-004E-4D78-B5AE-3778D24E9408}.Debug|Any CPU.ActiveCfg = Debug|Any CPU
		{0582F791-004E-4D78-B5AE-3778D24E9408}.Debug|Any CPU.Build.0 = Debug|Any CPU
		{0582F791-004E-4D78-B5AE-3778D24E9408}.Release|Any CPU.ActiveCfg = Release|Any CPU
		{0582F791-004E-4D78-B5AE-3778D24E9408}.Release|Any CPU.Build.0 = Release|Any CPU
	EndGlobalSection
	GlobalSection(SolutionProperties) = preSolution
		HideSolutionNode = FALSE
	EndGlobalSection
	GlobalSection(ExtensibilityGlobals) = postSolution
		SolutionGuid = {E9CF4BC4-CA85-40FF-A0A9-C5BFB0246490}
	EndGlobalSection
EndGlobal
